
Microsoft Visual Studio Solution File, Format Version 12.00
# Visual Studio Version 16
VisualStudioVersion = 16.0.30717.126
MinimumVisualStudioVersion = 10.0.40219.1
Project("{2150E333-8FDC-42A3-9474-1A3956D46DE8}") = "UI", "UI", "{A28AE61D-8E6E-4662-BD6E-D2F762506C42}"
EndProject
Project("{2150E333-8FDC-42A3-9474-1A3956D46DE8}") = "Services", "Services", "{A3933E6A-01FF-4C99-9581-CE60533C24E3}"
EndProject
Project("{2150E333-8FDC-42A3-9474-1A3956D46DE8}") = "Common", "Common", "{1E28CF1E-399D-4BE2-845A-6C1751B54B01}"
EndProject
Project("{9A19103F-16F7-4668-BE54-9A1E7A4F7556}") = "WebStore.Domain", "Common\WebStore.Domain\WebStore.Domain.csproj", "{2EBE38D3-821A-4D42-937B-8EED334338A3}"
EndProject
Project("{9A19103F-16F7-4668-BE54-9A1E7A4F7556}") = "WebStore.DAL", "Services\WebStore.DAL\WebStore.DAL.csproj", "{1CF55452-3058-4AA6-82F8-0F0980699522}"
EndProject
Project("{9A19103F-16F7-4668-BE54-9A1E7A4F7556}") = "WebStore", "UI\WebStore\WebStore.csproj", "{FA2BEB81-2E69-4917-B539-0FC3486B5532}"
EndProject
Project("{9A19103F-16F7-4668-BE54-9A1E7A4F7556}") = "WebStore.Services", "Services\WebStore.Services\WebStore.Services.csproj", "{28FD2C1D-7F61-4322-85B2-12786FFA94A0}"
EndProject
Project("{9A19103F-16F7-4668-BE54-9A1E7A4F7556}") = "WebStore.Interfaces", "WebStore.Interfaces\WebStore.Interfaces.csproj", "{367259C1-FD95-4074-918D-4A9AFD6D9B7B}"
EndProject
Project("{9A19103F-16F7-4668-BE54-9A1E7A4F7556}") = "WebStore.ServiceHosting", "WebStore.ServiceHosting\WebStore.ServiceHosting.csproj", "{19593EDE-C3BD-4A96-BC39-D46BA165DB77}"
EndProject
Project("{9A19103F-16F7-4668-BE54-9A1E7A4F7556}") = "WebStore.Clients", "Services\WebStore.Clients\WebStore.Clients.csproj", "{71C8FE81-183A-4AE3-BAD7-E885C69A72D4}"
EndProject
Project("{9A19103F-16F7-4668-BE54-9A1E7A4F7556}") = "WebStore.Console", "UI\WebStore.Console\WebStore.Console.csproj", "{AD879D53-5D50-419E-A65C-DE6606CF7260}"
EndProject
Project("{FAE04EC0-301F-11D3-BF4B-00C04F79EFBC}") = "WebStore.Logger", "WebStore.Logger\WebStore.Logger.csproj", "{BE7C0D83-318A-40D8-97DD-EE8ADBA81E94}"
EndProject
Global
	GlobalSection(SolutionConfigurationPlatforms) = preSolution
		Debug|Any CPU = Debug|Any CPU
		Release|Any CPU = Release|Any CPU
	EndGlobalSection
	GlobalSection(ProjectConfigurationPlatforms) = postSolution
		{2EBE38D3-821A-4D42-937B-8EED334338A3}.Debug|Any CPU.ActiveCfg = Debug|Any CPU
		{2EBE38D3-821A-4D42-937B-8EED334338A3}.Debug|Any CPU.Build.0 = Debug|Any CPU
		{2EBE38D3-821A-4D42-937B-8EED334338A3}.Release|Any CPU.ActiveCfg = Release|Any CPU
		{2EBE38D3-821A-4D42-937B-8EED334338A3}.Release|Any CPU.Build.0 = Release|Any CPU
		{1CF55452-3058-4AA6-82F8-0F0980699522}.Debug|Any CPU.ActiveCfg = Debug|Any CPU
		{1CF55452-3058-4AA6-82F8-0F0980699522}.Debug|Any CPU.Build.0 = Debug|Any CPU
		{1CF55452-3058-4AA6-82F8-0F0980699522}.Release|Any CPU.ActiveCfg = Release|Any CPU
		{1CF55452-3058-4AA6-82F8-0F0980699522}.Release|Any CPU.Build.0 = Release|Any CPU
		{FA2BEB81-2E69-4917-B539-0FC3486B5532}.Debug|Any CPU.ActiveCfg = Debug|Any CPU
		{FA2BEB81-2E69-4917-B539-0FC3486B5532}.Debug|Any CPU.Build.0 = Debug|Any CPU
		{FA2BEB81-2E69-4917-B539-0FC3486B5532}.Release|Any CPU.ActiveCfg = Release|Any CPU
		{FA2BEB81-2E69-4917-B539-0FC3486B5532}.Release|Any CPU.Build.0 = Release|Any CPU
		{28FD2C1D-7F61-4322-85B2-12786FFA94A0}.Debug|Any CPU.ActiveCfg = Debug|Any CPU
		{28FD2C1D-7F61-4322-85B2-12786FFA94A0}.Debug|Any CPU.Build.0 = Debug|Any CPU
		{28FD2C1D-7F61-4322-85B2-12786FFA94A0}.Release|Any CPU.ActiveCfg = Release|Any CPU
		{28FD2C1D-7F61-4322-85B2-12786FFA94A0}.Release|Any CPU.Build.0 = Release|Any CPU
		{367259C1-FD95-4074-918D-4A9AFD6D9B7B}.Debug|Any CPU.ActiveCfg = Debug|Any CPU
		{367259C1-FD95-4074-918D-4A9AFD6D9B7B}.Debug|Any CPU.Build.0 = Debug|Any CPU
		{367259C1-FD95-4074-918D-4A9AFD6D9B7B}.Release|Any CPU.ActiveCfg = Release|Any CPU
		{367259C1-FD95-4074-918D-4A9AFD6D9B7B}.Release|Any CPU.Build.0 = Release|Any CPU
		{19593EDE-C3BD-4A96-BC39-D46BA165DB77}.Debug|Any CPU.ActiveCfg = Debug|Any CPU
		{19593EDE-C3BD-4A96-BC39-D46BA165DB77}.Debug|Any CPU.Build.0 = Debug|Any CPU
		{19593EDE-C3BD-4A96-BC39-D46BA165DB77}.Release|Any CPU.ActiveCfg = Release|Any CPU
		{19593EDE-C3BD-4A96-BC39-D46BA165DB77}.Release|Any CPU.Build.0 = Release|Any CPU
		{71C8FE81-183A-4AE3-BAD7-E885C69A72D4}.Debug|Any CPU.ActiveCfg = Debug|Any CPU
		{71C8FE81-183A-4AE3-BAD7-E885C69A72D4}.Debug|Any CPU.Build.0 = Debug|Any CPU
		{71C8FE81-183A-4AE3-BAD7-E885C69A72D4}.Release|Any CPU.ActiveCfg = Release|Any CPU
		{71C8FE81-183A-4AE3-BAD7-E885C69A72D4}.Release|Any CPU.Build.0 = Release|Any CPU
		{AD879D53-5D50-419E-A65C-DE6606CF7260}.Debug|Any CPU.ActiveCfg = Debug|Any CPU
		{AD879D53-5D50-419E-A65C-DE6606CF7260}.Debug|Any CPU.Build.0 = Debug|Any CPU
		{AD879D53-5D50-419E-A65C-DE6606CF7260}.Release|Any CPU.ActiveCfg = Release|Any CPU
		{AD879D53-5D50-419E-A65C-DE6606CF7260}.Release|Any CPU.Build.0 = Release|Any CPU
		{BE7C0D83-318A-40D8-97DD-EE8ADBA81E94}.Debug|Any CPU.ActiveCfg = Debug|Any CPU
		{BE7C0D83-318A-40D8-97DD-EE8ADBA81E94}.Debug|Any CPU.Build.0 = Debug|Any CPU
		{BE7C0D83-318A-40D8-97DD-EE8ADBA81E94}.Release|Any CPU.ActiveCfg = Release|Any CPU
		{BE7C0D83-318A-40D8-97DD-EE8ADBA81E94}.Release|Any CPU.Build.0 = Release|Any CPU
	EndGlobalSection
	GlobalSection(SolutionProperties) = preSolution
		HideSolutionNode = FALSE
	EndGlobalSection
	GlobalSection(NestedProjects) = preSolution
		{2EBE38D3-821A-4D42-937B-8EED334338A3} = {1E28CF1E-399D-4BE2-845A-6C1751B54B01}
		{1CF55452-3058-4AA6-82F8-0F0980699522} = {A3933E6A-01FF-4C99-9581-CE60533C24E3}
		{FA2BEB81-2E69-4917-B539-0FC3486B5532} = {A28AE61D-8E6E-4662-BD6E-D2F762506C42}
		{28FD2C1D-7F61-4322-85B2-12786FFA94A0} = {A3933E6A-01FF-4C99-9581-CE60533C24E3}
		{367259C1-FD95-4074-918D-4A9AFD6D9B7B} = {A3933E6A-01FF-4C99-9581-CE60533C24E3}
		{19593EDE-C3BD-4A96-BC39-D46BA165DB77} = {A3933E6A-01FF-4C99-9581-CE60533C24E3}
		{71C8FE81-183A-4AE3-BAD7-E885C69A72D4} = {A3933E6A-01FF-4C99-9581-CE60533C24E3}
		{AD879D53-5D50-419E-A65C-DE6606CF7260} = {A28AE61D-8E6E-4662-BD6E-D2F762506C42}
		{BE7C0D83-318A-40D8-97DD-EE8ADBA81E94} = {1E28CF1E-399D-4BE2-845A-6C1751B54B01}
	EndGlobalSection
	GlobalSection(ExtensibilityGlobals) = postSolution
		SolutionGuid = {46EB41B1-EDB9-4CF4-944B-789B8E104404}
	EndGlobalSection
EndGlobal
